
Microsoft Visual Studio Solution File, Format Version 12.00
# Visual Studio Version 17
VisualStudioVersion = 17.8.34330.188
MinimumVisualStudioVersion = 10.0.40219.1
Project("{9A19103F-16F7-4668-BE54-9A1E7A4F7556}") = "SystemJsonVsAllPopularJsonLibrary.Benchmark", "crs\SystemJsonVsAllPopularJsonLibrary.Benchmark\SystemJsonVsAllPopularJsonLibrary.Benchmark.csproj", "{A0B25427-A67B-4A12-AB33-A8F41F8648E1}"
EndProject
Global
	GlobalSection(SolutionConfigurationPlatforms) = preSolution
		Debug|Any CPU = Debug|Any CPU
		Release|Any CPU = Release|Any CPU
	EndGlobalSection
	GlobalSection(ProjectConfigurationPlatforms) = postSolution
		{A0B25427-A67B-4A12-AB33-A8F41F8648E1}.Debug|Any CPU.ActiveCfg = Debug|Any CPU
		{A0B25427-A67B-4A12-AB33-A8F41F8648E1}.Debug|Any CPU.Build.0 = Debug|Any CPU
		{A0B25427-A67B-4A12-AB33-A8F41F8648E1}.Release|Any CPU.ActiveCfg = Release|Any CPU
		{A0B25427-A67B-4A12-AB33-A8F41F8648E1}.Release|Any CPU.Build.0 = Release|Any CPU
	EndGlobalSection
	GlobalSection(SolutionProperties) = preSolution
		HideSolutionNode = FALSE
	EndGlobalSection
	GlobalSection(ExtensibilityGlobals) = postSolution
		SolutionGuid = {2C4C05AD-31A3-4C19-B7F6-7B76354E6EDD}
	EndGlobalSection
EndGlobal
